
Microsoft Visual Studio Solution File, Format Version 12.00
# Visual Studio Version 17
VisualStudioVersion = 17.4.33213.308
MinimumVisualStudioVersion = 10.0.40219.1
Project("{FAE04EC0-301F-11D3-BF4B-00C04F79EFBC}") = "Polozi_Criativo", "Polozi_Criativo.csproj", "{B432B6DB-569C-4225-8BEA-6EBF5AF8CC61}"
EndProject
Global
	GlobalSection(SolutionConfigurationPlatforms) = preSolution
		Debug|Any CPU = Debug|Any CPU
		Release|Any CPU = Release|Any CPU
	EndGlobalSection
	GlobalSection(ProjectConfigurationPlatforms) = postSolution
		{B432B6DB-569C-4225-8BEA-6EBF5AF8CC61}.Debug|Any CPU.ActiveCfg = Debug|Any CPU
		{B432B6DB-569C-4225-8BEA-6EBF5AF8CC61}.Debug|Any CPU.Build.0 = Debug|Any CPU
		{B432B6DB-569C-4225-8BEA-6EBF5AF8CC61}.Release|Any CPU.ActiveCfg = Release|Any CPU
		{B432B6DB-569C-4225-8BEA-6EBF5AF8CC61}.Release|Any CPU.Build.0 = Release|Any CPU
	EndGlobalSection
	GlobalSection(SolutionProperties) = preSolution
		HideSolutionNode = FALSE
	EndGlobalSection
	GlobalSection(ExtensibilityGlobals) = postSolution
		SolutionGuid = {CECBB34D-2DFF-4D18-A16A-0BC35A868DC0}
	EndGlobalSection
EndGlobal
